
Microsoft Visual Studio Solution File, Format Version 12.00
# Visual Studio Version 17
VisualStudioVersion = 17.10.35122.118
MinimumVisualStudioVersion = 10.0.40219.1
Project("{9A19103F-16F7-4668-BE54-9A1E7A4F7556}") = "AIChecker", "AIChecker\AIChecker.csproj", "{1020A71B-B847-4C0F-9AA0-0800DA81121E}"
EndProject
Project("{2150E333-8FDC-42A3-9474-1A3956D46DE8}") = "Plugins", "Plugins", "{004BC518-A556-4B00-90BC-6C61926A5443}"
EndProject
Project("{9A19103F-16F7-4668-BE54-9A1E7A4F7556}") = "SQLServerEF", "Plugins\SQLServerEF\SQLServerEF.csproj", "{F7C4604A-3E15-4037-947F-FDFD37718722}"
EndProject
Project("{9A19103F-16F7-4668-BE54-9A1E7A4F7556}") = "UseCases", "UseCases\UseCases.csproj", "{EE14ADBA-862D-4E58-93F0-92F477949EB4}"
EndProject
Project("{9A19103F-16F7-4668-BE54-9A1E7A4F7556}") = "CoreBusiness", "CoreBusiness\CoreBusiness.csproj", "{E8566928-58DF-4E14-BE17-29A704CB7BE1}"
EndProject
Project("{9A19103F-16F7-4668-BE54-9A1E7A4F7556}") = "JsonDeserializer", "Plugins\JsonDeserializer\JsonDeserializer.csproj", "{F34E74BE-5819-4993-B331-CA520E1A308A}"
EndProject
Project("{9A19103F-16F7-4668-BE54-9A1E7A4F7556}") = "SQLServerEFTests", "Plugins\SQLServerEFTests\SQLServerEFTests.csproj", "{7922A6C4-F2C8-4C08-86AF-FF4ABED7BD5C}"
EndProject
Project("{9A19103F-16F7-4668-BE54-9A1E7A4F7556}") = "APIRequester", "APIRequester\APIRequester.csproj", "{0697C18D-92BD-4E45-937D-D245795AB2EB}"
EndProject
Project("{9A19103F-16F7-4668-BE54-9A1E7A4F7556}") = "UseCasesTests", "UseCasesTests\UseCasesTests.csproj", "{7A34B02D-94EF-472D-B99A-ABBEF8BC19D3}"
EndProject
Project("{2150E333-8FDC-42A3-9474-1A3956D46DE8}") = "Solution Items", "Solution Items", "{A5C6C37D-FDFA-4D23-8043-56267DF7392C}"
	ProjectSection(SolutionItems) = preProject
		README.MD = README.MD
	EndProjectSection
EndProject
Project("{9A19103F-16F7-4668-BE54-9A1E7A4F7556}") = "SystemMonitor", "Plugins\SystemMonitor\SystemMonitor.csproj", "{BD4FF45F-CFD0-4DD1-BC4B-5883C84BD2B8}"
EndProject
Project("{9A19103F-16F7-4668-BE54-9A1E7A4F7556}") = "SystemMonitorTests", "Plugins\SystemMonitorTests\SystemMonitorTests.csproj", "{07E94326-6CCF-4EB7-9094-ED7A088361DE}"
EndProject
Global
	GlobalSection(SolutionConfigurationPlatforms) = preSolution
		Debug|Any CPU = Debug|Any CPU
		Debug|x64 = Debug|x64
		Debug|x86 = Debug|x86
		Release|Any CPU = Release|Any CPU
		Release|x64 = Release|x64
		Release|x86 = Release|x86
	EndGlobalSection
	GlobalSection(ProjectConfigurationPlatforms) = postSolution
		{1020A71B-B847-4C0F-9AA0-0800DA81121E}.Debug|Any CPU.ActiveCfg = Debug|Any CPU
		{1020A71B-B847-4C0F-9AA0-0800DA81121E}.Debug|Any CPU.Build.0 = Debug|Any CPU
		{1020A71B-B847-4C0F-9AA0-0800DA81121E}.Debug|x64.ActiveCfg = Debug|Any CPU
		{1020A71B-B847-4C0F-9AA0-0800DA81121E}.Debug|x64.Build.0 = Debug|Any CPU
		{1020A71B-B847-4C0F-9AA0-0800DA81121E}.Debug|x86.ActiveCfg = Debug|Any CPU
		{1020A71B-B847-4C0F-9AA0-0800DA81121E}.Debug|x86.Build.0 = Debug|Any CPU
		{1020A71B-B847-4C0F-9AA0-0800DA81121E}.Release|Any CPU.ActiveCfg = Release|Any CPU
		{1020A71B-B847-4C0F-9AA0-0800DA81121E}.Release|Any CPU.Build.0 = Release|Any CPU
		{1020A71B-B847-4C0F-9AA0-0800DA81121E}.Release|x64.ActiveCfg = Release|Any CPU
		{1020A71B-B847-4C0F-9AA0-0800DA81121E}.Release|x64.Build.0 = Release|Any CPU
		{1020A71B-B847-4C0F-9AA0-0800DA81121E}.Release|x86.ActiveCfg = Release|Any CPU
		{1020A71B-B847-4C0F-9AA0-0800DA81121E}.Release|x86.Build.0 = Release|Any CPU
		{F7C4604A-3E15-4037-947F-FDFD37718722}.Debug|Any CPU.ActiveCfg = Debug|Any CPU
		{F7C4604A-3E15-4037-947F-FDFD37718722}.Debug|Any CPU.Build.0 = Debug|Any CPU
		{F7C4604A-3E15-4037-947F-FDFD37718722}.Debug|x64.ActiveCfg = Debug|Any CPU
		{F7C4604A-3E15-4037-947F-FDFD37718722}.Debug|x64.Build.0 = Debug|Any CPU
		{F7C4604A-3E15-4037-947F-FDFD37718722}.Debug|x86.ActiveCfg = Debug|Any CPU
		{F7C4604A-3E15-4037-947F-FDFD37718722}.Debug|x86.Build.0 = Debug|Any CPU
		{F7C4604A-3E15-4037-947F-FDFD37718722}.Release|Any CPU.ActiveCfg = Release|Any CPU
		{F7C4604A-3E15-4037-947F-FDFD37718722}.Release|Any CPU.Build.0 = Release|Any CPU
		{F7C4604A-3E15-4037-947F-FDFD37718722}.Release|x64.ActiveCfg = Release|Any CPU
		{F7C4604A-3E15-4037-947F-FDFD37718722}.Release|x64.Build.0 = Release|Any CPU
		{F7C4604A-3E15-4037-947F-FDFD37718722}.Release|x86.ActiveCfg = Release|Any CPU
		{F7C4604A-3E15-4037-947F-FDFD37718722}.Release|x86.Build.0 = Release|Any CPU
		{EE14ADBA-862D-4E58-93F0-92F477949EB4}.Debug|Any CPU.ActiveCfg = Debug|Any CPU
		{EE14ADBA-862D-4E58-93F0-92F477949EB4}.Debug|Any CPU.Build.0 = Debug|Any CPU
		{EE14ADBA-862D-4E58-93F0-92F477949EB4}.Debug|x64.ActiveCfg = Debug|Any CPU
		{EE14ADBA-862D-4E58-93F0-92F477949EB4}.Debug|x64.Build.0 = Debug|Any CPU
		{EE14ADBA-862D-4E58-93F0-92F477949EB4}.Debug|x86.ActiveCfg = Debug|Any CPU
		{EE14ADBA-862D-4E58-93F0-92F477949EB4}.Debug|x86.Build.0 = Debug|Any CPU
		{EE14ADBA-862D-4E58-93F0-92F477949EB4}.Release|Any CPU.ActiveCfg = Release|Any CPU
		{EE14ADBA-862D-4E58-93F0-92F477949EB4}.Release|Any CPU.Build.0 = Release|Any CPU
		{EE14ADBA-862D-4E58-93F0-92F477949EB4}.Release|x64.ActiveCfg = Release|Any CPU
		{EE14ADBA-862D-4E58-93F0-92F477949EB4}.Release|x64.Build.0 = Release|Any CPU
		{EE14ADBA-862D-4E58-93F0-92F477949EB4}.Release|x86.ActiveCfg = Release|Any CPU
		{EE14ADBA-862D-4E58-93F0-92F477949EB4}.Release|x86.Build.0 = Release|Any CPU
		{E8566928-58DF-4E14-BE17-29A704CB7BE1}.Debug|Any CPU.ActiveCfg = Debug|Any CPU
		{E8566928-58DF-4E14-BE17-29A704CB7BE1}.Debug|Any CPU.Build.0 = Debug|Any CPU
		{E8566928-58DF-4E14-BE17-29A704CB7BE1}.Debug|x64.ActiveCfg = Debug|Any CPU
		{E8566928-58DF-4E14-BE17-29A704CB7BE1}.Debug|x64.Build.0 = Debug|Any CPU
		{E8566928-58DF-4E14-BE17-29A704CB7BE1}.Debug|x86.ActiveCfg = Debug|Any CPU
		{E8566928-58DF-4E14-BE17-29A704CB7BE1}.Debug|x86.Build.0 = Debug|Any CPU
		{E8566928-58DF-4E14-BE17-29A704CB7BE1}.Release|Any CPU.ActiveCfg = Release|Any CPU
		{E8566928-58DF-4E14-BE17-29A704CB7BE1}.Release|Any CPU.Build.0 = Release|Any CPU
		{E8566928-58DF-4E14-BE17-29A704CB7BE1}.Release|x64.ActiveCfg = Release|Any CPU
		{E8566928-58DF-4E14-BE17-29A704CB7BE1}.Release|x64.Build.0 = Release|Any CPU
		{E8566928-58DF-4E14-BE17-29A704CB7BE1}.Release|x86.ActiveCfg = Release|Any CPU
		{E8566928-58DF-4E14-BE17-29A704CB7BE1}.Release|x86.Build.0 = Release|Any CPU
		{F34E74BE-5819-4993-B331-CA520E1A308A}.Debug|Any CPU.ActiveCfg = Debug|Any CPU
		{F34E74BE-5819-4993-B331-CA520E1A308A}.Debug|Any CPU.Build.0 = Debug|Any CPU
		{F34E74BE-5819-4993-B331-CA520E1A308A}.Debug|x64.ActiveCfg = Debug|Any CPU
		{F34E74BE-5819-4993-B331-CA520E1A308A}.Debug|x64.Build.0 = Debug|Any CPU
		{F34E74BE-5819-4993-B331-CA520E1A308A}.Debug|x86.ActiveCfg = Debug|Any CPU
		{F34E74BE-5819-4993-B331-CA520E1A308A}.Debug|x86.Build.0 = Debug|Any CPU
		{F34E74BE-5819-4993-B331-CA520E1A308A}.Release|Any CPU.ActiveCfg = Release|Any CPU
		{F34E74BE-5819-4993-B331-CA520E1A308A}.Release|Any CPU.Build.0 = Release|Any CPU
		{F34E74BE-5819-4993-B331-CA520E1A308A}.Release|x64.ActiveCfg = Release|Any CPU
		{F34E74BE-5819-4993-B331-CA520E1A308A}.Release|x64.Build.0 = Release|Any CPU
		{F34E74BE-5819-4993-B331-CA520E1A308A}.Release|x86.ActiveCfg = Release|Any CPU
		{F34E74BE-5819-4993-B331-CA520E1A308A}.Release|x86.Build.0 = Release|Any CPU
		{7922A6C4-F2C8-4C08-86AF-FF4ABED7BD5C}.Debug|Any CPU.ActiveCfg = Debug|Any CPU
		{7922A6C4-F2C8-4C08-86AF-FF4ABED7BD5C}.Debug|Any CPU.Build.0 = Debug|Any CPU
		{7922A6C4-F2C8-4C08-86AF-FF4ABED7BD5C}.Debug|x64.ActiveCfg = Debug|Any CPU
		{7922A6C4-F2C8-4C08-86AF-FF4ABED7BD5C}.Debug|x64.Build.0 = Debug|Any CPU
		{7922A6C4-F2C8-4C08-86AF-FF4ABED7BD5C}.Debug|x86.ActiveCfg = Debug|Any CPU
		{7922A6C4-F2C8-4C08-86AF-FF4ABED7BD5C}.Debug|x86.Build.0 = Debug|Any CPU
		{7922A6C4-F2C8-4C08-86AF-FF4ABED7BD5C}.Release|Any CPU.ActiveCfg = Release|Any CPU
		{7922A6C4-F2C8-4C08-86AF-FF4ABED7BD5C}.Release|Any CPU.Build.0 = Release|Any CPU
		{7922A6C4-F2C8-4C08-86AF-FF4ABED7BD5C}.Release|x64.ActiveCfg = Release|Any CPU
		{7922A6C4-F2C8-4C08-86AF-FF4ABED7BD5C}.Release|x64.Build.0 = Release|Any CPU
		{7922A6C4-F2C8-4C08-86AF-FF4ABED7BD5C}.Release|x86.ActiveCfg = Release|Any CPU
		{7922A6C4-F2C8-4C08-86AF-FF4ABED7BD5C}.Release|x86.Build.0 = Release|Any CPU
		{0697C18D-92BD-4E45-937D-D245795AB2EB}.Debug|Any CPU.ActiveCfg = Debug|Any CPU
		{0697C18D-92BD-4E45-937D-D245795AB2EB}.Debug|Any CPU.Build.0 = Debug|Any CPU
		{0697C18D-92BD-4E45-937D-D245795AB2EB}.Debug|x64.ActiveCfg = Debug|Any CPU
		{0697C18D-92BD-4E45-937D-D245795AB2EB}.Debug|x64.Build.0 = Debug|Any CPU
		{0697C18D-92BD-4E45-937D-D245795AB2EB}.Debug|x86.ActiveCfg = Debug|Any CPU
		{0697C18D-92BD-4E45-937D-D245795AB2EB}.Debug|x86.Build.0 = Debug|Any CPU
		{0697C18D-92BD-4E45-937D-D245795AB2EB}.Release|Any CPU.ActiveCfg = Release|Any CPU
		{0697C18D-92BD-4E45-937D-D245795AB2EB}.Release|Any CPU.Build.0 = Release|Any CPU
		{0697C18D-92BD-4E45-937D-D245795AB2EB}.Release|x64.ActiveCfg = Release|Any CPU
		{0697C18D-92BD-4E45-937D-D245795AB2EB}.Release|x64.Build.0 = Release|Any CPU
		{0697C18D-92BD-4E45-937D-D245795AB2EB}.Release|x86.ActiveCfg = Release|Any CPU
		{0697C18D-92BD-4E45-937D-D245795AB2EB}.Release|x86.Build.0 = Release|Any CPU
		{7A34B02D-94EF-472D-B99A-ABBEF8BC19D3}.Debug|Any CPU.ActiveCfg = Debug|Any CPU
		{7A34B02D-94EF-472D-B99A-ABBEF8BC19D3}.Debug|Any CPU.Build.0 = Debug|Any CPU
		{7A34B02D-94EF-472D-B99A-ABBEF8BC19D3}.Debug|x64.ActiveCfg = Debug|Any CPU
		{7A34B02D-94EF-472D-B99A-ABBEF8BC19D3}.Debug|x64.Build.0 = Debug|Any CPU
		{7A34B02D-94EF-472D-B99A-ABBEF8BC19D3}.Debug|x86.ActiveCfg = Debug|Any CPU
		{7A34B02D-94EF-472D-B99A-ABBEF8BC19D3}.Debug|x86.Build.0 = Debug|Any CPU
		{7A34B02D-94EF-472D-B99A-ABBEF8BC19D3}.Release|Any CPU.ActiveCfg = Release|Any CPU
		{7A34B02D-94EF-472D-B99A-ABBEF8BC19D3}.Release|Any CPU.Build.0 = Release|Any CPU
		{7A34B02D-94EF-472D-B99A-ABBEF8BC19D3}.Release|x64.ActiveCfg = Release|Any CPU
		{7A34B02D-94EF-472D-B99A-ABBEF8BC19D3}.Release|x64.Build.0 = Release|Any CPU
		{7A34B02D-94EF-472D-B99A-ABBEF8BC19D3}.Release|x86.ActiveCfg = Release|Any CPU
		{7A34B02D-94EF-472D-B99A-ABBEF8BC19D3}.Release|x86.Build.0 = Release|Any CPU
		{BD4FF45F-CFD0-4DD1-BC4B-5883C84BD2B8}.Debug|Any CPU.ActiveCfg = Debug|Any CPU
		{BD4FF45F-CFD0-4DD1-BC4B-5883C84BD2B8}.Debug|Any CPU.Build.0 = Debug|Any CPU
		{BD4FF45F-CFD0-4DD1-BC4B-5883C84BD2B8}.Debug|x64.ActiveCfg = Debug|Any CPU
		{BD4FF45F-CFD0-4DD1-BC4B-5883C84BD2B8}.Debug|x64.Build.0 = Debug|Any CPU
		{BD4FF45F-CFD0-4DD1-BC4B-5883C84BD2B8}.Debug|x86.ActiveCfg = Debug|Any CPU
		{BD4FF45F-CFD0-4DD1-BC4B-5883C84BD2B8}.Debug|x86.Build.0 = Debug|Any CPU
		{BD4FF45F-CFD0-4DD1-BC4B-5883C84BD2B8}.Release|Any CPU.ActiveCfg = Release|Any CPU
		{BD4FF45F-CFD0-4DD1-BC4B-5883C84BD2B8}.Release|Any CPU.Build.0 = Release|Any CPU
		{BD4FF45F-CFD0-4DD1-BC4B-5883C84BD2B8}.Release|x64.ActiveCfg = Release|Any CPU
		{BD4FF45F-CFD0-4DD1-BC4B-5883C84BD2B8}.Release|x64.Build.0 = Release|Any CPU
		{BD4FF45F-CFD0-4DD1-BC4B-5883C84BD2B8}.Release|x86.ActiveCfg = Release|Any CPU
		{BD4FF45F-CFD0-4DD1-BC4B-5883C84BD2B8}.Release|x86.Build.0 = Release|Any CPU
		{07E94326-6CCF-4EB7-9094-ED7A088361DE}.Debug|Any CPU.ActiveCfg = Debug|Any CPU
		{07E94326-6CCF-4EB7-9094-ED7A088361DE}.Debug|Any CPU.Build.0 = Debug|Any CPU
		{07E94326-6CCF-4EB7-9094-ED7A088361DE}.Debug|x64.ActiveCfg = Debug|Any CPU
		{07E94326-6CCF-4EB7-9094-ED7A088361DE}.Debug|x64.Build.0 = Debug|Any CPU
		{07E94326-6CCF-4EB7-9094-ED7A088361DE}.Debug|x86.ActiveCfg = Debug|Any CPU
		{07E94326-6CCF-4EB7-9094-ED7A088361DE}.Debug|x86.Build.0 = Debug|Any CPU
		{07E94326-6CCF-4EB7-9094-ED7A088361DE}.Release|Any CPU.ActiveCfg = Release|Any CPU
		{07E94326-6CCF-4EB7-9094-ED7A088361DE}.Release|Any CPU.Build.0 = Release|Any CPU
		{07E94326-6CCF-4EB7-9094-ED7A088361DE}.Release|x64.ActiveCfg = Release|Any CPU
		{07E94326-6CCF-4EB7-9094-ED7A088361DE}.Release|x64.Build.0 = Release|Any CPU
		{07E94326-6CCF-4EB7-9094-ED7A088361DE}.Release|x86.ActiveCfg = Release|Any CPU
		{07E94326-6CCF-4EB7-9094-ED7A088361DE}.Release|x86.Build.0 = Release|Any CPU
	EndGlobalSection
	GlobalSection(SolutionProperties) = preSolution
		HideSolutionNode = FALSE
	EndGlobalSection
	GlobalSection(NestedProjects) = preSolution
		{F7C4604A-3E15-4037-947F-FDFD37718722} = {004BC518-A556-4B00-90BC-6C61926A5443}
		{F34E74BE-5819-4993-B331-CA520E1A308A} = {004BC518-A556-4B00-90BC-6C61926A5443}
		{7922A6C4-F2C8-4C08-86AF-FF4ABED7BD5C} = {004BC518-A556-4B00-90BC-6C61926A5443}
		{0697C18D-92BD-4E45-937D-D245795AB2EB} = {004BC518-A556-4B00-90BC-6C61926A5443}
		{BD4FF45F-CFD0-4DD1-BC4B-5883C84BD2B8} = {004BC518-A556-4B00-90BC-6C61926A5443}
		{07E94326-6CCF-4EB7-9094-ED7A088361DE} = {004BC518-A556-4B00-90BC-6C61926A5443}
	EndGlobalSection
	GlobalSection(ExtensibilityGlobals) = postSolution
		SolutionGuid = {FB05F31D-7D77-48E6-8935-F3486FC2242E}
	EndGlobalSection
EndGlobal
